
Microsoft Visual Studio Solution File, Format Version 12.00
# Visual Studio Version 17
VisualStudioVersion = 17.14.36915.13 d17.14
MinimumVisualStudioVersion = 10.0.40219.1
Project("{FAE04EC0-301F-11D3-BF4B-00C04F79EFBC}") = "TechHubWebForms", "TechHubWebForms\TechHubWebForms.csproj", "{4800592B-707F-4118-A22F-D41A2C535A67}"
EndProject
Global
	GlobalSection(SolutionConfigurationPlatforms) = preSolution
		Debug|Any CPU = Debug|Any CPU
		Release|Any CPU = Release|Any CPU
	EndGlobalSection
	GlobalSection(ProjectConfigurationPlatforms) = postSolution
		{4800592B-707F-4118-A22F-D41A2C535A67}.Debug|Any CPU.ActiveCfg = Debug|Any CPU
		{4800592B-707F-4118-A22F-D41A2C535A67}.Debug|Any CPU.Build.0 = Debug|Any CPU
		{4800592B-707F-4118-A22F-D41A2C535A67}.Release|Any CPU.ActiveCfg = Release|Any CPU
		{4800592B-707F-4118-A22F-D41A2C535A67}.Release|Any CPU.Build.0 = Release|Any CPU
	EndGlobalSection
	GlobalSection(SolutionProperties) = preSolution
		HideSolutionNode = FALSE
	EndGlobalSection
	GlobalSection(ExtensibilityGlobals) = postSolution
		SolutionGuid = {E3EBF18A-4756-42BB-92AF-80F521031D7B}
	EndGlobalSection
EndGlobal
